
Microsoft Visual Studio Solution File, Format Version 12.00
# Visual Studio Version 16
VisualStudioVersion = 16.0.30225.117
MinimumVisualStudioVersion = 10.0.40219.1
Project("{FAE04EC0-301F-11D3-BF4B-00C04F79EFBC}") = "PastePro", "PastePro\PastePro.csproj", "{E5901CDE-0C8A-4565-858C-886F37B57FCB}"
EndProject
Project("{930C7802-8A8C-48F9-8165-68863BCCD9DD}") = "PastePro.Installer", "PastePro.Installer\PastePro.Installer.wixproj", "{F954A535-391A-4442-8283-EA050469B3A9}"
EndProject
Global
	GlobalSection(SolutionConfigurationPlatforms) = preSolution
		Debug|x64 = Debug|x64
		Debug|x86 = Debug|x86
		Release|x64 = Release|x64
		Release|x86 = Release|x86
	EndGlobalSection
	GlobalSection(ProjectConfigurationPlatforms) = postSolution
		{E5901CDE-0C8A-4565-858C-886F37B57FCB}.Debug|x64.ActiveCfg = Debug|Any CPU
		{E5901CDE-0C8A-4565-858C-886F37B57FCB}.Debug|x64.Build.0 = Debug|Any CPU
		{E5901CDE-0C8A-4565-858C-886F37B57FCB}.Debug|x86.ActiveCfg = Debug|Any CPU
		{E5901CDE-0C8A-4565-858C-886F37B57FCB}.Debug|x86.Build.0 = Debug|Any CPU
		{E5901CDE-0C8A-4565-858C-886F37B57FCB}.Release|x64.ActiveCfg = Release|Any CPU
		{E5901CDE-0C8A-4565-858C-886F37B57FCB}.Release|x64.Build.0 = Release|Any CPU
		{E5901CDE-0C8A-4565-858C-886F37B57FCB}.Release|x86.ActiveCfg = Release|Any CPU
		{E5901CDE-0C8A-4565-858C-886F37B57FCB}.Release|x86.Build.0 = Release|Any CPU
		{F954A535-391A-4442-8283-EA050469B3A9}.Debug|x64.ActiveCfg = Debug|x64
		{F954A535-391A-4442-8283-EA050469B3A9}.Debug|x86.ActiveCfg = Debug|x86
		{F954A535-391A-4442-8283-EA050469B3A9}.Release|x64.ActiveCfg = Release|x64
		{F954A535-391A-4442-8283-EA050469B3A9}.Release|x86.ActiveCfg = Release|x86
		{F954A535-391A-4442-8283-EA050469B3A9}.Release|x86.Build.0 = Release|x86
	EndGlobalSection
	GlobalSection(SolutionProperties) = preSolution
		HideSolutionNode = FALSE
	EndGlobalSection
	GlobalSection(ExtensibilityGlobals) = postSolution
		SolutionGuid = {E9427E11-AF3A-4FDA-8892-D95DC9D7216C}
	EndGlobalSection
EndGlobal
